
Microsoft Visual Studio Solution File, Format Version 12.00
# Visual Studio Version 16
VisualStudioVersion = 16.6.30114.105
MinimumVisualStudioVersion = 10.0.40219.1
Project("{2150E333-8FDC-42A3-9474-1A3956D46DE8}") = "Core", "Core", "{0FB107AC-F0E3-4A49-9426-C9A77F081EFF}"
EndProject
Project("{9A19103F-16F7-4668-BE54-9A1E7A4F7556}") = "Domain", "src\Domain\Domain.csproj", "{050D68E3-5AF6-442E-BD29-A99F2592B436}"
EndProject
Project("{2150E333-8FDC-42A3-9474-1A3956D46DE8}") = "Source", "Source", "{16FCF1AE-5F45-4ACA-8DFC-7CC30C4BA684}"
EndProject
Project("{2150E333-8FDC-42A3-9474-1A3956D46DE8}") = "Web", "Web", "{90CD9843-5F5E-4915-A5A6-A231009C80D1}"
EndProject
Project("{2150E333-8FDC-42A3-9474-1A3956D46DE8}") = "Shared", "Shared", "{3A1C00B9-DF5F-4820-9E6F-E85BE70F5EEE}"
EndProject
Project("{9A19103F-16F7-4668-BE54-9A1E7A4F7556}") = "Shared", "src\Shared\Shared.csproj", "{6C3261DE-E3F2-4E16-9607-78C8DD824185}"
EndProject
Project("{9A19103F-16F7-4668-BE54-9A1E7A4F7556}") = "Api", "src\Api\Api.csproj", "{F9BF273A-7CEE-429C-A1A8-FFFEB1A26A30}"
EndProject
Project("{FAE04EC0-301F-11D3-BF4B-00C04F79EFBC}") = "Application", "src\Application\Application.csproj", "{88932701-52B0-40EB-8FD2-AE8DEB14ED56}"
EndProject
Global
	GlobalSection(SolutionConfigurationPlatforms) = preSolution
		Debug|Any CPU = Debug|Any CPU
		Debug|x64 = Debug|x64
		Debug|x86 = Debug|x86
		Release|Any CPU = Release|Any CPU
		Release|x64 = Release|x64
		Release|x86 = Release|x86
	EndGlobalSection
	GlobalSection(ProjectConfigurationPlatforms) = postSolution
		{050D68E3-5AF6-442E-BD29-A99F2592B436}.Debug|Any CPU.ActiveCfg = Debug|Any CPU
		{050D68E3-5AF6-442E-BD29-A99F2592B436}.Debug|Any CPU.Build.0 = Debug|Any CPU
		{050D68E3-5AF6-442E-BD29-A99F2592B436}.Debug|x64.ActiveCfg = Debug|Any CPU
		{050D68E3-5AF6-442E-BD29-A99F2592B436}.Debug|x64.Build.0 = Debug|Any CPU
		{050D68E3-5AF6-442E-BD29-A99F2592B436}.Debug|x86.ActiveCfg = Debug|Any CPU
		{050D68E3-5AF6-442E-BD29-A99F2592B436}.Debug|x86.Build.0 = Debug|Any CPU
		{050D68E3-5AF6-442E-BD29-A99F2592B436}.Release|Any CPU.ActiveCfg = Release|Any CPU
		{050D68E3-5AF6-442E-BD29-A99F2592B436}.Release|Any CPU.Build.0 = Release|Any CPU
		{050D68E3-5AF6-442E-BD29-A99F2592B436}.Release|x64.ActiveCfg = Release|Any CPU
		{050D68E3-5AF6-442E-BD29-A99F2592B436}.Release|x64.Build.0 = Release|Any CPU
		{050D68E3-5AF6-442E-BD29-A99F2592B436}.Release|x86.ActiveCfg = Release|Any CPU
		{050D68E3-5AF6-442E-BD29-A99F2592B436}.Release|x86.Build.0 = Release|Any CPU
		{6C3261DE-E3F2-4E16-9607-78C8DD824185}.Debug|Any CPU.ActiveCfg = Debug|Any CPU
		{6C3261DE-E3F2-4E16-9607-78C8DD824185}.Debug|Any CPU.Build.0 = Debug|Any CPU
		{6C3261DE-E3F2-4E16-9607-78C8DD824185}.Debug|x64.ActiveCfg = Debug|Any CPU
		{6C3261DE-E3F2-4E16-9607-78C8DD824185}.Debug|x64.Build.0 = Debug|Any CPU
		{6C3261DE-E3F2-4E16-9607-78C8DD824185}.Debug|x86.ActiveCfg = Debug|Any CPU
		{6C3261DE-E3F2-4E16-9607-78C8DD824185}.Debug|x86.Build.0 = Debug|Any CPU
		{6C3261DE-E3F2-4E16-9607-78C8DD824185}.Release|Any CPU.ActiveCfg = Release|Any CPU
		{6C3261DE-E3F2-4E16-9607-78C8DD824185}.Release|Any CPU.Build.0 = Release|Any CPU
		{6C3261DE-E3F2-4E16-9607-78C8DD824185}.Release|x64.ActiveCfg = Release|Any CPU
		{6C3261DE-E3F2-4E16-9607-78C8DD824185}.Release|x64.Build.0 = Release|Any CPU
		{6C3261DE-E3F2-4E16-9607-78C8DD824185}.Release|x86.ActiveCfg = Release|Any CPU
		{6C3261DE-E3F2-4E16-9607-78C8DD824185}.Release|x86.Build.0 = Release|Any CPU
		{F9BF273A-7CEE-429C-A1A8-FFFEB1A26A30}.Debug|Any CPU.ActiveCfg = Debug|Any CPU
		{F9BF273A-7CEE-429C-A1A8-FFFEB1A26A30}.Debug|Any CPU.Build.0 = Debug|Any CPU
		{F9BF273A-7CEE-429C-A1A8-FFFEB1A26A30}.Debug|x64.ActiveCfg = Debug|Any CPU
		{F9BF273A-7CEE-429C-A1A8-FFFEB1A26A30}.Debug|x64.Build.0 = Debug|Any CPU
		{F9BF273A-7CEE-429C-A1A8-FFFEB1A26A30}.Debug|x86.ActiveCfg = Debug|Any CPU
		{F9BF273A-7CEE-429C-A1A8-FFFEB1A26A30}.Debug|x86.Build.0 = Debug|Any CPU
		{F9BF273A-7CEE-429C-A1A8-FFFEB1A26A30}.Release|Any CPU.ActiveCfg = Release|Any CPU
		{F9BF273A-7CEE-429C-A1A8-FFFEB1A26A30}.Release|Any CPU.Build.0 = Release|Any CPU
		{F9BF273A-7CEE-429C-A1A8-FFFEB1A26A30}.Release|x64.ActiveCfg = Release|Any CPU
		{F9BF273A-7CEE-429C-A1A8-FFFEB1A26A30}.Release|x64.Build.0 = Release|Any CPU
		{F9BF273A-7CEE-429C-A1A8-FFFEB1A26A30}.Release|x86.ActiveCfg = Release|Any CPU
		{F9BF273A-7CEE-429C-A1A8-FFFEB1A26A30}.Release|x86.Build.0 = Release|Any CPU
		{88932701-52B0-40EB-8FD2-AE8DEB14ED56}.Debug|Any CPU.ActiveCfg = Debug|Any CPU
		{88932701-52B0-40EB-8FD2-AE8DEB14ED56}.Debug|Any CPU.Build.0 = Debug|Any CPU
		{88932701-52B0-40EB-8FD2-AE8DEB14ED56}.Debug|x64.ActiveCfg = Debug|Any CPU
		{88932701-52B0-40EB-8FD2-AE8DEB14ED56}.Debug|x64.Build.0 = Debug|Any CPU
		{88932701-52B0-40EB-8FD2-AE8DEB14ED56}.Debug|x86.ActiveCfg = Debug|Any CPU
		{88932701-52B0-40EB-8FD2-AE8DEB14ED56}.Debug|x86.Build.0 = Debug|Any CPU
		{88932701-52B0-40EB-8FD2-AE8DEB14ED56}.Release|Any CPU.ActiveCfg = Release|Any CPU
		{88932701-52B0-40EB-8FD2-AE8DEB14ED56}.Release|Any CPU.Build.0 = Release|Any CPU
		{88932701-52B0-40EB-8FD2-AE8DEB14ED56}.Release|x64.ActiveCfg = Release|Any CPU
		{88932701-52B0-40EB-8FD2-AE8DEB14ED56}.Release|x64.Build.0 = Release|Any CPU
		{88932701-52B0-40EB-8FD2-AE8DEB14ED56}.Release|x86.ActiveCfg = Release|Any CPU
		{88932701-52B0-40EB-8FD2-AE8DEB14ED56}.Release|x86.Build.0 = Release|Any CPU
	EndGlobalSection
	GlobalSection(SolutionProperties) = preSolution
		HideSolutionNode = FALSE
	EndGlobalSection
	GlobalSection(NestedProjects) = preSolution
		{0FB107AC-F0E3-4A49-9426-C9A77F081EFF} = {16FCF1AE-5F45-4ACA-8DFC-7CC30C4BA684}
		{050D68E3-5AF6-442E-BD29-A99F2592B436} = {0FB107AC-F0E3-4A49-9426-C9A77F081EFF}
		{90CD9843-5F5E-4915-A5A6-A231009C80D1} = {16FCF1AE-5F45-4ACA-8DFC-7CC30C4BA684}
		{3A1C00B9-DF5F-4820-9E6F-E85BE70F5EEE} = {16FCF1AE-5F45-4ACA-8DFC-7CC30C4BA684}
		{6C3261DE-E3F2-4E16-9607-78C8DD824185} = {3A1C00B9-DF5F-4820-9E6F-E85BE70F5EEE}
		{F9BF273A-7CEE-429C-A1A8-FFFEB1A26A30} = {90CD9843-5F5E-4915-A5A6-A231009C80D1}
		{88932701-52B0-40EB-8FD2-AE8DEB14ED56} = {0FB107AC-F0E3-4A49-9426-C9A77F081EFF}
	EndGlobalSection
	GlobalSection(ExtensibilityGlobals) = postSolution
		SolutionGuid = {50067E65-67B3-4D6F-B73D-911FBCA410A0}
	EndGlobalSection
EndGlobal
